help:
  name: channel unlock
  description: Desbloqueia para que usuários possam enviem mensagem em um canal de texto.
  category: Gerenciamento
  examples:
    - ""
    - "channel:{channel}"
texts:
  channelNotLocked: <:Per:833078041084166164> | **Mas...** O canal {channel} não está trancado...
  title: ":lock: | Canal desbloqueado"
  description: "> **O canal {channel} foi desbloqueado!**"
